
Microsoft Visual Studio Solution File, Format Version 12.00
# Visual Studio Version 17
VisualStudioVersion = 17.10.35027.167
MinimumVisualStudioVersion = 10.0.40219.1
Project("{FAE04EC0-301F-11D3-BF4B-00C04F79EFBC}") = "EFCore", "EFCore\EFCore.csproj", "{2DAFDAD6-E8B0-4992-8387-C0643ED529FF}"
EndProject
Global
	GlobalSection(SolutionConfigurationPlatforms) = preSolution
		Debug|Any CPU = Debug|Any CPU
		Release|Any CPU = Release|Any CPU
	EndGlobalSection
	GlobalSection(ProjectConfigurationPlatforms) = postSolution
		{2DAFDAD6-E8B0-4992-8387-C0643ED529FF}.Debug|Any CPU.ActiveCfg = Debug|Any CPU
		{2DAFDAD6-E8B0-4992-8387-C0643ED529FF}.Debug|Any CPU.Build.0 = Debug|Any CPU
		{2DAFDAD6-E8B0-4992-8387-C0643ED529FF}.Release|Any CPU.ActiveCfg = Release|Any CPU
		{2DAFDAD6-E8B0-4992-8387-C0643ED529FF}.Release|Any CPU.Build.0 = Release|Any CPU
	EndGlobalSection
	GlobalSection(SolutionProperties) = preSolution
		HideSolutionNode = FALSE
	EndGlobalSection
	GlobalSection(ExtensibilityGlobals) = postSolution
		SolutionGuid = {8795C553-1233-412B-A4DA-6DD8F337818D}
	EndGlobalSection
EndGlobal
